{
  "object": {
    "pins": [
      {
        "package": "PipecatClientIOS",
        "repositoryURL": "https://github.com/pipecat-ai/pipecat-client-ios.git",
        "state": {
          "branch": null,
          "revision": "c679512e367002a1a67da85d503fec72d9b17191",
          "version": "0.3.2"
        }
      }
    ]
  },
  "version": 1
}
