{
  "object": {
    "pins": [
      {
        "package": "PipecatClientIOS",
        "repositoryURL": "https://github.com/pipecat-ai/pipecat-client-ios.git",
        "state": {
          "branch": null,
          "revision": "d2d9946cf93f1e89290c724caa1631cffa439524",
          "version": "0.3.1"
        }
      }
    ]
  },
  "version": 1
}
